
Microsoft Visual Studio Solution File, Format Version 12.00
# Visual Studio 2012
Project("{FAE04EC0-301F-11D3-BF4B-00C04F79EFBC}") = "UI", "E-Sales\UI.csproj", "{67981C0B-776E-4D91-8554-765442F132EB}"
EndProject
Global
	GlobalSection(SolutionConfigurationPlatforms) = preSolution
		Debug|Any CPU = Debug|Any CPU
		Release|Any CPU = Release|Any CPU
	EndGlobalSection
	GlobalSection(ProjectConfigurationPlatforms) = postSolution
		{67981C0B-776E-4D91-8554-765442F132EB}.Debug|Any CPU.ActiveCfg = Debug|Any CPU
		{67981C0B-776E-4D91-8554-765442F132EB}.Debug|Any CPU.Build.0 = Debug|Any CPU
		{67981C0B-776E-4D91-8554-765442F132EB}.Release|Any CPU.ActiveCfg = Release|Any CPU
		{67981C0B-776E-4D91-8554-765442F132EB}.Release|Any CPU.Build.0 = Release|Any CPU
	EndGlobalSection
	GlobalSection(SolutionProperties) = preSolution
		HideSolutionNode = FALSE
	EndGlobalSection
EndGlobal
